
Microsoft Visual Studio Solution File, Format Version 12.00
# Visual Studio Version 16
VisualStudioVersion = 16.0.30114.105
MinimumVisualStudioVersion = 10.0.40219.1
Project("{2150E333-8FDC-42A3-9474-1A3956D46DE8}") = "src", "src", "{6296AF28-2CE6-4AAE-9520-43085BDC85A2}"
EndProject
Project("{FAE04EC0-301F-11D3-BF4B-00C04F79EFBC}") = "Catalog.API", "src\Catalog.API\Catalog.API.csproj", "{03C35CF6-D471-4F2C-AB4A-527A3BB42431}"
EndProject
Project("{FAE04EC0-301F-11D3-BF4B-00C04F79EFBC}") = "Basket.API", "src\Basket.API\Basket.API.csproj", "{243E5EF1-9453-4130-896E-7F8AA5797E19}"
EndProject
Project("{FAE04EC0-301F-11D3-BF4B-00C04F79EFBC}") = "Discount.API", "src\Discount.API\Discount.API.csproj", "{8E62B038-AAE2-4B2F-B90F-84A23A97F43B}"
EndProject
Project("{FAE04EC0-301F-11D3-BF4B-00C04F79EFBC}") = "Discount.GRPC", "src\Discount.GRPC\Discount.GRPC.csproj", "{34E709F6-0B5F-4E8A-8F41-CFE21D7A02EA}"
EndProject
Project("{FAE04EC0-301F-11D3-BF4B-00C04F79EFBC}") = "Ordering.API", "src\Ordering.API\Ordering.API.csproj", "{4BDFC255-498C-43AD-82B3-1F4C3A758E68}"
EndProject
Project("{FAE04EC0-301F-11D3-BF4B-00C04F79EFBC}") = "Ordering.Application", "src\Ordering.Application\Ordering.Application.csproj", "{D20667DC-CCD4-4474-AA15-721F4363FAE3}"
EndProject
Project("{FAE04EC0-301F-11D3-BF4B-00C04F79EFBC}") = "Ordering.Domain", "src\Ordering.Domain\Ordering.Domain.csproj", "{F52CAACC-7E1A-4E1E-A780-8F83D7AC954A}"
EndProject
Project("{FAE04EC0-301F-11D3-BF4B-00C04F79EFBC}") = "Ordering.Infrastructure", "src\Ordering.Infrastructure\Ordering.Infrastructure.csproj", "{23788B1F-0351-4C0D-8AE1-DC4C3B505774}"
EndProject
Project("{FAE04EC0-301F-11D3-BF4B-00C04F79EFBC}") = "EventBus.Messages", "src\EventBus.Messages\EventBus.Messages.csproj", "{D8C44400-7930-4636-A3D2-8B18D26A2297}"
EndProject
Project("{FAE04EC0-301F-11D3-BF4B-00C04F79EFBC}") = "OcelotApiGw", "src\OcelotApiGw\OcelotApiGw.csproj", "{B9502702-17B7-4926-A7C6-935166E303DF}"
EndProject
Global
	GlobalSection(SolutionConfigurationPlatforms) = preSolution
		Debug|Any CPU = Debug|Any CPU
		Release|Any CPU = Release|Any CPU
	EndGlobalSection
	GlobalSection(SolutionProperties) = preSolution
		HideSolutionNode = FALSE
	EndGlobalSection
	GlobalSection(ProjectConfigurationPlatforms) = postSolution
		{03C35CF6-D471-4F2C-AB4A-527A3BB42431}.Debug|Any CPU.ActiveCfg = Debug|Any CPU
		{03C35CF6-D471-4F2C-AB4A-527A3BB42431}.Debug|Any CPU.Build.0 = Debug|Any CPU
		{03C35CF6-D471-4F2C-AB4A-527A3BB42431}.Release|Any CPU.ActiveCfg = Release|Any CPU
		{03C35CF6-D471-4F2C-AB4A-527A3BB42431}.Release|Any CPU.Build.0 = Release|Any CPU
		{243E5EF1-9453-4130-896E-7F8AA5797E19}.Debug|Any CPU.ActiveCfg = Debug|Any CPU
		{243E5EF1-9453-4130-896E-7F8AA5797E19}.Debug|Any CPU.Build.0 = Debug|Any CPU
		{243E5EF1-9453-4130-896E-7F8AA5797E19}.Release|Any CPU.ActiveCfg = Release|Any CPU
		{243E5EF1-9453-4130-896E-7F8AA5797E19}.Release|Any CPU.Build.0 = Release|Any CPU
		{8E62B038-AAE2-4B2F-B90F-84A23A97F43B}.Debug|Any CPU.ActiveCfg = Debug|Any CPU
		{8E62B038-AAE2-4B2F-B90F-84A23A97F43B}.Debug|Any CPU.Build.0 = Debug|Any CPU
		{8E62B038-AAE2-4B2F-B90F-84A23A97F43B}.Release|Any CPU.ActiveCfg = Release|Any CPU
		{8E62B038-AAE2-4B2F-B90F-84A23A97F43B}.Release|Any CPU.Build.0 = Release|Any CPU
		{34E709F6-0B5F-4E8A-8F41-CFE21D7A02EA}.Debug|Any CPU.ActiveCfg = Debug|Any CPU
		{34E709F6-0B5F-4E8A-8F41-CFE21D7A02EA}.Debug|Any CPU.Build.0 = Debug|Any CPU
		{34E709F6-0B5F-4E8A-8F41-CFE21D7A02EA}.Release|Any CPU.ActiveCfg = Release|Any CPU
		{34E709F6-0B5F-4E8A-8F41-CFE21D7A02EA}.Release|Any CPU.Build.0 = Release|Any CPU
		{4BDFC255-498C-43AD-82B3-1F4C3A758E68}.Debug|Any CPU.ActiveCfg = Debug|Any CPU
		{4BDFC255-498C-43AD-82B3-1F4C3A758E68}.Debug|Any CPU.Build.0 = Debug|Any CPU
		{4BDFC255-498C-43AD-82B3-1F4C3A758E68}.Release|Any CPU.ActiveCfg = Release|Any CPU
		{4BDFC255-498C-43AD-82B3-1F4C3A758E68}.Release|Any CPU.Build.0 = Release|Any CPU
		{D20667DC-CCD4-4474-AA15-721F4363FAE3}.Debug|Any CPU.ActiveCfg = Debug|Any CPU
		{D20667DC-CCD4-4474-AA15-721F4363FAE3}.Debug|Any CPU.Build.0 = Debug|Any CPU
		{D20667DC-CCD4-4474-AA15-721F4363FAE3}.Release|Any CPU.ActiveCfg = Release|Any CPU
		{D20667DC-CCD4-4474-AA15-721F4363FAE3}.Release|Any CPU.Build.0 = Release|Any CPU
		{F52CAACC-7E1A-4E1E-A780-8F83D7AC954A}.Debug|Any CPU.ActiveCfg = Debug|Any CPU
		{F52CAACC-7E1A-4E1E-A780-8F83D7AC954A}.Debug|Any CPU.Build.0 = Debug|Any CPU
		{F52CAACC-7E1A-4E1E-A780-8F83D7AC954A}.Release|Any CPU.ActiveCfg = Release|Any CPU
		{F52CAACC-7E1A-4E1E-A780-8F83D7AC954A}.Release|Any CPU.Build.0 = Release|Any CPU
		{23788B1F-0351-4C0D-8AE1-DC4C3B505774}.Debug|Any CPU.ActiveCfg = Debug|Any CPU
		{23788B1F-0351-4C0D-8AE1-DC4C3B505774}.Debug|Any CPU.Build.0 = Debug|Any CPU
		{23788B1F-0351-4C0D-8AE1-DC4C3B505774}.Release|Any CPU.ActiveCfg = Release|Any CPU
		{23788B1F-0351-4C0D-8AE1-DC4C3B505774}.Release|Any CPU.Build.0 = Release|Any CPU
		{D8C44400-7930-4636-A3D2-8B18D26A2297}.Debug|Any CPU.ActiveCfg = Debug|Any CPU
		{D8C44400-7930-4636-A3D2-8B18D26A2297}.Debug|Any CPU.Build.0 = Debug|Any CPU
		{D8C44400-7930-4636-A3D2-8B18D26A2297}.Release|Any CPU.ActiveCfg = Release|Any CPU
		{D8C44400-7930-4636-A3D2-8B18D26A2297}.Release|Any CPU.Build.0 = Release|Any CPU
		{B9502702-17B7-4926-A7C6-935166E303DF}.Debug|Any CPU.ActiveCfg = Debug|Any CPU
		{B9502702-17B7-4926-A7C6-935166E303DF}.Debug|Any CPU.Build.0 = Debug|Any CPU
		{B9502702-17B7-4926-A7C6-935166E303DF}.Release|Any CPU.ActiveCfg = Release|Any CPU
		{B9502702-17B7-4926-A7C6-935166E303DF}.Release|Any CPU.Build.0 = Release|Any CPU
	EndGlobalSection
	GlobalSection(NestedProjects) = preSolution
		{03C35CF6-D471-4F2C-AB4A-527A3BB42431} = {6296AF28-2CE6-4AAE-9520-43085BDC85A2}
		{243E5EF1-9453-4130-896E-7F8AA5797E19} = {6296AF28-2CE6-4AAE-9520-43085BDC85A2}
		{8E62B038-AAE2-4B2F-B90F-84A23A97F43B} = {6296AF28-2CE6-4AAE-9520-43085BDC85A2}
		{34E709F6-0B5F-4E8A-8F41-CFE21D7A02EA} = {6296AF28-2CE6-4AAE-9520-43085BDC85A2}
		{4BDFC255-498C-43AD-82B3-1F4C3A758E68} = {6296AF28-2CE6-4AAE-9520-43085BDC85A2}
		{D20667DC-CCD4-4474-AA15-721F4363FAE3} = {6296AF28-2CE6-4AAE-9520-43085BDC85A2}
		{F52CAACC-7E1A-4E1E-A780-8F83D7AC954A} = {6296AF28-2CE6-4AAE-9520-43085BDC85A2}
		{23788B1F-0351-4C0D-8AE1-DC4C3B505774} = {6296AF28-2CE6-4AAE-9520-43085BDC85A2}
		{D8C44400-7930-4636-A3D2-8B18D26A2297} = {6296AF28-2CE6-4AAE-9520-43085BDC85A2}
		{B9502702-17B7-4926-A7C6-935166E303DF} = {6296AF28-2CE6-4AAE-9520-43085BDC85A2}
	EndGlobalSection
EndGlobal
