
Microsoft Visual Studio Solution File, Format Version 12.00
# Visual Studio Version 16
VisualStudioVersion = 16.0.30114.105
MinimumVisualStudioVersion = 10.0.40219.1
Project("{2150E333-8FDC-42A3-9474-1A3956D46DE8}") = "src", "src", "{6296AF28-2CE6-4AAE-9520-43085BDC85A2}"
EndProject
Project("{FAE04EC0-301F-11D3-BF4B-00C04F79EFBC}") = "Catalog.API", "src\Catalog.API\Catalog.API.csproj", "{03C35CF6-D471-4F2C-AB4A-527A3BB42431}"
EndProject
Project("{FAE04EC0-301F-11D3-BF4B-00C04F79EFBC}") = "Basket.API", "src\Basket.API\Basket.API.csproj", "{243E5EF1-9453-4130-896E-7F8AA5797E19}"
EndProject
Project("{2150E333-8FDC-42A3-9474-1A3956D46DE8}") = "Discount", "Discount", "{9198C75F-755F-4E25-AEA9-2EEB00E09035}"
EndProject
Project("{FAE04EC0-301F-11D3-BF4B-00C04F79EFBC}") = "Discount.API", "src\Discount\Discount.API\Discount.API.csproj", "{EEB7CA1C-F830-42FF-900E-8C646B7B7822}"
EndProject
Global
	GlobalSection(SolutionConfigurationPlatforms) = preSolution
		Debug|Any CPU = Debug|Any CPU
		Release|Any CPU = Release|Any CPU
	EndGlobalSection
	GlobalSection(SolutionProperties) = preSolution
		HideSolutionNode = FALSE
	EndGlobalSection
	GlobalSection(ProjectConfigurationPlatforms) = postSolution
		{03C35CF6-D471-4F2C-AB4A-527A3BB42431}.Debug|Any CPU.ActiveCfg = Debug|Any CPU
		{03C35CF6-D471-4F2C-AB4A-527A3BB42431}.Debug|Any CPU.Build.0 = Debug|Any CPU
		{03C35CF6-D471-4F2C-AB4A-527A3BB42431}.Release|Any CPU.ActiveCfg = Release|Any CPU
		{03C35CF6-D471-4F2C-AB4A-527A3BB42431}.Release|Any CPU.Build.0 = Release|Any CPU
		{243E5EF1-9453-4130-896E-7F8AA5797E19}.Debug|Any CPU.ActiveCfg = Debug|Any CPU
		{243E5EF1-9453-4130-896E-7F8AA5797E19}.Debug|Any CPU.Build.0 = Debug|Any CPU
		{243E5EF1-9453-4130-896E-7F8AA5797E19}.Release|Any CPU.ActiveCfg = Release|Any CPU
		{243E5EF1-9453-4130-896E-7F8AA5797E19}.Release|Any CPU.Build.0 = Release|Any CPU
		{EEB7CA1C-F830-42FF-900E-8C646B7B7822}.Debug|Any CPU.ActiveCfg = Debug|Any CPU
		{EEB7CA1C-F830-42FF-900E-8C646B7B7822}.Debug|Any CPU.Build.0 = Debug|Any CPU
		{EEB7CA1C-F830-42FF-900E-8C646B7B7822}.Release|Any CPU.ActiveCfg = Release|Any CPU
		{EEB7CA1C-F830-42FF-900E-8C646B7B7822}.Release|Any CPU.Build.0 = Release|Any CPU
	EndGlobalSection
	GlobalSection(NestedProjects) = preSolution
		{03C35CF6-D471-4F2C-AB4A-527A3BB42431} = {6296AF28-2CE6-4AAE-9520-43085BDC85A2}
		{243E5EF1-9453-4130-896E-7F8AA5797E19} = {6296AF28-2CE6-4AAE-9520-43085BDC85A2}
		{9198C75F-755F-4E25-AEA9-2EEB00E09035} = {6296AF28-2CE6-4AAE-9520-43085BDC85A2}
		{EEB7CA1C-F830-42FF-900E-8C646B7B7822} = {9198C75F-755F-4E25-AEA9-2EEB00E09035}
	EndGlobalSection
EndGlobal
